
Microsoft Visual Studio Solution File, Format Version 12.00
# Visual Studio Version 17
VisualStudioVersion = 17.5.002.0
MinimumVisualStudioVersion = 10.0.40219.1
Project("{9A19103F-16F7-4668-BE54-9A1E7A4F7556}") = "ConsoleApp1", "ConsoleApp1\ConsoleApp1.csproj", "{49CFF07A-7E5F-45E1-BE34-BF49F32575E1}"
EndProject
Global
	GlobalSection(SolutionConfigurationPlatforms) = preSolution
		Debug|Any CPU = Debug|Any CPU
		Release|Any CPU = Release|Any CPU
	EndGlobalSection
	GlobalSection(ProjectConfigurationPlatforms) = postSolution
		{49CFF07A-7E5F-45E1-BE34-BF49F32575E1}.Debug|Any CPU.ActiveCfg = Debug|Any CPU
		{49CFF07A-7E5F-45E1-BE34-BF49F32575E1}.Debug|Any CPU.Build.0 = Debug|Any CPU
		{49CFF07A-7E5F-45E1-BE34-BF49F32575E1}.Release|Any CPU.ActiveCfg = Release|Any CPU
		{49CFF07A-7E5F-45E1-BE34-BF49F32575E1}.Release|Any CPU.Build.0 = Release|Any CPU
	EndGlobalSection
	GlobalSection(SolutionProperties) = preSolution
		HideSolutionNode = FALSE
	EndGlobalSection
	GlobalSection(ExtensibilityGlobals) = postSolution
		SolutionGuid = {F93CBABA-0444-41B7-A394-74012E7B51EB}
	EndGlobalSection
EndGlobal
